
Microsoft Visual Studio Solution File, Format Version 12.00
# Visual Studio Version 16
VisualStudioVersion = 16.0.30011.22
MinimumVisualStudioVersion = 10.0.40219.1
Project("{FAE04EC0-301F-11D3-BF4B-00C04F79EFBC}") = "DesktopClient", "DesktopClient\DesktopClient.csproj", "{7F8F93AD-03F6-4137-994C-78D30FC45371}"
EndProject
Global
	GlobalSection(SolutionConfigurationPlatforms) = preSolution
		Debug|ARM = Debug|ARM
		Debug|ARM64 = Debug|ARM64
		Debug|x64 = Debug|x64
		Debug|x86 = Debug|x86
		Release|ARM = Release|ARM
		Release|ARM64 = Release|ARM64
		Release|x64 = Release|x64
		Release|x86 = Release|x86
	EndGlobalSection
	GlobalSection(ProjectConfigurationPlatforms) = postSolution
		{7F8F93AD-03F6-4137-994C-78D30FC45371}.Debug|ARM.ActiveCfg = Debug|ARM
		{7F8F93AD-03F6-4137-994C-78D30FC45371}.Debug|ARM.Build.0 = Debug|ARM
		{7F8F93AD-03F6-4137-994C-78D30FC45371}.Debug|ARM.Deploy.0 = Debug|ARM
		{7F8F93AD-03F6-4137-994C-78D30FC45371}.Debug|ARM64.ActiveCfg = Debug|ARM64
		{7F8F93AD-03F6-4137-994C-78D30FC45371}.Debug|ARM64.Build.0 = Debug|ARM64
		{7F8F93AD-03F6-4137-994C-78D30FC45371}.Debug|ARM64.Deploy.0 = Debug|ARM64
		{7F8F93AD-03F6-4137-994C-78D30FC45371}.Debug|x64.ActiveCfg = Debug|x64
		{7F8F93AD-03F6-4137-994C-78D30FC45371}.Debug|x64.Build.0 = Debug|x64
		{7F8F93AD-03F6-4137-994C-78D30FC45371}.Debug|x64.Deploy.0 = Debug|x64
		{7F8F93AD-03F6-4137-994C-78D30FC45371}.Debug|x86.ActiveCfg = Debug|x86
		{7F8F93AD-03F6-4137-994C-78D30FC45371}.Debug|x86.Build.0 = Debug|x86
		{7F8F93AD-03F6-4137-994C-78D30FC45371}.Debug|x86.Deploy.0 = Debug|x86
		{7F8F93AD-03F6-4137-994C-78D30FC45371}.Release|ARM.ActiveCfg = Release|ARM
		{7F8F93AD-03F6-4137-994C-78D30FC45371}.Release|ARM.Build.0 = Release|ARM
		{7F8F93AD-03F6-4137-994C-78D30FC45371}.Release|ARM.Deploy.0 = Release|ARM
		{7F8F93AD-03F6-4137-994C-78D30FC45371}.Release|ARM64.ActiveCfg = Release|ARM64
		{7F8F93AD-03F6-4137-994C-78D30FC45371}.Release|ARM64.Build.0 = Release|ARM64
		{7F8F93AD-03F6-4137-994C-78D30FC45371}.Release|ARM64.Deploy.0 = Release|ARM64
		{7F8F93AD-03F6-4137-994C-78D30FC45371}.Release|x64.ActiveCfg = Release|x64
		{7F8F93AD-03F6-4137-994C-78D30FC45371}.Release|x64.Build.0 = Release|x64
		{7F8F93AD-03F6-4137-994C-78D30FC45371}.Release|x64.Deploy.0 = Release|x64
		{7F8F93AD-03F6-4137-994C-78D30FC45371}.Release|x86.ActiveCfg = Release|x86
		{7F8F93AD-03F6-4137-994C-78D30FC45371}.Release|x86.Build.0 = Release|x86
		{7F8F93AD-03F6-4137-994C-78D30FC45371}.Release|x86.Deploy.0 = Release|x86
	EndGlobalSection
	GlobalSection(SolutionProperties) = preSolution
		HideSolutionNode = FALSE
	EndGlobalSection
	GlobalSection(ExtensibilityGlobals) = postSolution
		SolutionGuid = {A64F16F3-2CEB-417B-AAF0-78A3183F1479}
	EndGlobalSection
EndGlobal
