
Microsoft Visual Studio Solution File, Format Version 12.00
# Visual Studio Version 16
VisualStudioVersion = 16.0.30011.22
MinimumVisualStudioVersion = 10.0.40219.1
Project("{FAE04EC0-301F-11D3-BF4B-00C04F79EFBC}") = "DesktopClient", "DesktopClient\DesktopClient.csproj", "{7F8F93AD-03F6-4137-994C-78D30FC45371}"
EndProject
Project("{9A19103F-16F7-4668-BE54-9A1E7A4F7556}") = "Server", "Server\Server.csproj", "{C3A409C9-FB3D-45C2-9F5A-65BB6E3352E0}"
EndProject
Project("{9A19103F-16F7-4668-BE54-9A1E7A4F7556}") = "Grains", "Grains\Grains.csproj", "{997962D9-52F4-4E67-BEAB-7F2E95C10FC9}"
EndProject
Project("{9A19103F-16F7-4668-BE54-9A1E7A4F7556}") = "Interfaces", "Interfaces\Interfaces.csproj", "{7E4351D6-1797-4FC8-91A7-B90CC3D27DFB}"
EndProject
Project("{9A19103F-16F7-4668-BE54-9A1E7A4F7556}") = "Core", "Core\Core.csproj", "{3BA1FC84-F597-461D-86A0-31FC6483211F}"
EndProject
Global
	GlobalSection(SolutionConfigurationPlatforms) = preSolution
		Debug|Any CPU = Debug|Any CPU
		Debug|ARM = Debug|ARM
		Debug|ARM64 = Debug|ARM64
		Debug|x64 = Debug|x64
		Debug|x86 = Debug|x86
		Release|Any CPU = Release|Any CPU
		Release|ARM = Release|ARM
		Release|ARM64 = Release|ARM64
		Release|x64 = Release|x64
		Release|x86 = Release|x86
	EndGlobalSection
	GlobalSection(ProjectConfigurationPlatforms) = postSolution
		{7F8F93AD-03F6-4137-994C-78D30FC45371}.Debug|Any CPU.ActiveCfg = Debug|x86
		{7F8F93AD-03F6-4137-994C-78D30FC45371}.Debug|ARM.ActiveCfg = Debug|ARM
		{7F8F93AD-03F6-4137-994C-78D30FC45371}.Debug|ARM.Build.0 = Debug|ARM
		{7F8F93AD-03F6-4137-994C-78D30FC45371}.Debug|ARM.Deploy.0 = Debug|ARM
		{7F8F93AD-03F6-4137-994C-78D30FC45371}.Debug|ARM64.ActiveCfg = Debug|ARM64
		{7F8F93AD-03F6-4137-994C-78D30FC45371}.Debug|ARM64.Build.0 = Debug|ARM64
		{7F8F93AD-03F6-4137-994C-78D30FC45371}.Debug|ARM64.Deploy.0 = Debug|ARM64
		{7F8F93AD-03F6-4137-994C-78D30FC45371}.Debug|x64.ActiveCfg = Debug|x64
		{7F8F93AD-03F6-4137-994C-78D30FC45371}.Debug|x64.Build.0 = Debug|x64
		{7F8F93AD-03F6-4137-994C-78D30FC45371}.Debug|x64.Deploy.0 = Debug|x64
		{7F8F93AD-03F6-4137-994C-78D30FC45371}.Debug|x86.ActiveCfg = Debug|x86
		{7F8F93AD-03F6-4137-994C-78D30FC45371}.Debug|x86.Build.0 = Debug|x86
		{7F8F93AD-03F6-4137-994C-78D30FC45371}.Debug|x86.Deploy.0 = Debug|x86
		{7F8F93AD-03F6-4137-994C-78D30FC45371}.Release|Any CPU.ActiveCfg = Release|x86
		{7F8F93AD-03F6-4137-994C-78D30FC45371}.Release|ARM.ActiveCfg = Release|ARM
		{7F8F93AD-03F6-4137-994C-78D30FC45371}.Release|ARM.Build.0 = Release|ARM
		{7F8F93AD-03F6-4137-994C-78D30FC45371}.Release|ARM.Deploy.0 = Release|ARM
		{7F8F93AD-03F6-4137-994C-78D30FC45371}.Release|ARM64.ActiveCfg = Release|ARM64
		{7F8F93AD-03F6-4137-994C-78D30FC45371}.Release|ARM64.Build.0 = Release|ARM64
		{7F8F93AD-03F6-4137-994C-78D30FC45371}.Release|ARM64.Deploy.0 = Release|ARM64
		{7F8F93AD-03F6-4137-994C-78D30FC45371}.Release|x64.ActiveCfg = Release|x64
		{7F8F93AD-03F6-4137-994C-78D30FC45371}.Release|x64.Build.0 = Release|x64
		{7F8F93AD-03F6-4137-994C-78D30FC45371}.Release|x64.Deploy.0 = Release|x64
		{7F8F93AD-03F6-4137-994C-78D30FC45371}.Release|x86.ActiveCfg = Release|x86
		{7F8F93AD-03F6-4137-994C-78D30FC45371}.Release|x86.Build.0 = Release|x86
		{7F8F93AD-03F6-4137-994C-78D30FC45371}.Release|x86.Deploy.0 = Release|x86
		{C3A409C9-FB3D-45C2-9F5A-65BB6E3352E0}.Debug|Any CPU.ActiveCfg = Debug|Any CPU
		{C3A409C9-FB3D-45C2-9F5A-65BB6E3352E0}.Debug|Any CPU.Build.0 = Debug|Any CPU
		{C3A409C9-FB3D-45C2-9F5A-65BB6E3352E0}.Debug|ARM.ActiveCfg = Debug|Any CPU
		{C3A409C9-FB3D-45C2-9F5A-65BB6E3352E0}.Debug|ARM.Build.0 = Debug|Any CPU
		{C3A409C9-FB3D-45C2-9F5A-65BB6E3352E0}.Debug|ARM64.ActiveCfg = Debug|Any CPU
		{C3A409C9-FB3D-45C2-9F5A-65BB6E3352E0}.Debug|ARM64.Build.0 = Debug|Any CPU
		{C3A409C9-FB3D-45C2-9F5A-65BB6E3352E0}.Debug|x64.ActiveCfg = Debug|Any CPU
		{C3A409C9-FB3D-45C2-9F5A-65BB6E3352E0}.Debug|x64.Build.0 = Debug|Any CPU
		{C3A409C9-FB3D-45C2-9F5A-65BB6E3352E0}.Debug|x86.ActiveCfg = Debug|Any CPU
		{C3A409C9-FB3D-45C2-9F5A-65BB6E3352E0}.Debug|x86.Build.0 = Debug|Any CPU
		{C3A409C9-FB3D-45C2-9F5A-65BB6E3352E0}.Release|Any CPU.ActiveCfg = Release|Any CPU
		{C3A409C9-FB3D-45C2-9F5A-65BB6E3352E0}.Release|Any CPU.Build.0 = Release|Any CPU
		{C3A409C9-FB3D-45C2-9F5A-65BB6E3352E0}.Release|ARM.ActiveCfg = Release|Any CPU
		{C3A409C9-FB3D-45C2-9F5A-65BB6E3352E0}.Release|ARM.Build.0 = Release|Any CPU
		{C3A409C9-FB3D-45C2-9F5A-65BB6E3352E0}.Release|ARM64.ActiveCfg = Release|Any CPU
		{C3A409C9-FB3D-45C2-9F5A-65BB6E3352E0}.Release|ARM64.Build.0 = Release|Any CPU
		{C3A409C9-FB3D-45C2-9F5A-65BB6E3352E0}.Release|x64.ActiveCfg = Release|Any CPU
		{C3A409C9-FB3D-45C2-9F5A-65BB6E3352E0}.Release|x64.Build.0 = Release|Any CPU
		{C3A409C9-FB3D-45C2-9F5A-65BB6E3352E0}.Release|x86.ActiveCfg = Release|Any CPU
		{C3A409C9-FB3D-45C2-9F5A-65BB6E3352E0}.Release|x86.Build.0 = Release|Any CPU
		{997962D9-52F4-4E67-BEAB-7F2E95C10FC9}.Debug|Any CPU.ActiveCfg = Debug|Any CPU
		{997962D9-52F4-4E67-BEAB-7F2E95C10FC9}.Debug|Any CPU.Build.0 = Debug|Any CPU
		{997962D9-52F4-4E67-BEAB-7F2E95C10FC9}.Debug|ARM.ActiveCfg = Debug|Any CPU
		{997962D9-52F4-4E67-BEAB-7F2E95C10FC9}.Debug|ARM.Build.0 = Debug|Any CPU
		{997962D9-52F4-4E67-BEAB-7F2E95C10FC9}.Debug|ARM64.ActiveCfg = Debug|Any CPU
		{997962D9-52F4-4E67-BEAB-7F2E95C10FC9}.Debug|ARM64.Build.0 = Debug|Any CPU
		{997962D9-52F4-4E67-BEAB-7F2E95C10FC9}.Debug|x64.ActiveCfg = Debug|Any CPU
		{997962D9-52F4-4E67-BEAB-7F2E95C10FC9}.Debug|x64.Build.0 = Debug|Any CPU
		{997962D9-52F4-4E67-BEAB-7F2E95C10FC9}.Debug|x86.ActiveCfg = Debug|Any CPU
		{997962D9-52F4-4E67-BEAB-7F2E95C10FC9}.Debug|x86.Build.0 = Debug|Any CPU
		{997962D9-52F4-4E67-BEAB-7F2E95C10FC9}.Release|Any CPU.ActiveCfg = Release|Any CPU
		{997962D9-52F4-4E67-BEAB-7F2E95C10FC9}.Release|Any CPU.Build.0 = Release|Any CPU
		{997962D9-52F4-4E67-BEAB-7F2E95C10FC9}.Release|ARM.ActiveCfg = Release|Any CPU
		{997962D9-52F4-4E67-BEAB-7F2E95C10FC9}.Release|ARM.Build.0 = Release|Any CPU
		{997962D9-52F4-4E67-BEAB-7F2E95C10FC9}.Release|ARM64.ActiveCfg = Release|Any CPU
		{997962D9-52F4-4E67-BEAB-7F2E95C10FC9}.Release|ARM64.Build.0 = Release|Any CPU
		{997962D9-52F4-4E67-BEAB-7F2E95C10FC9}.Release|x64.ActiveCfg = Release|Any CPU
		{997962D9-52F4-4E67-BEAB-7F2E95C10FC9}.Release|x64.Build.0 = Release|Any CPU
		{997962D9-52F4-4E67-BEAB-7F2E95C10FC9}.Release|x86.ActiveCfg = Release|Any CPU
		{997962D9-52F4-4E67-BEAB-7F2E95C10FC9}.Release|x86.Build.0 = Release|Any CPU
		{7E4351D6-1797-4FC8-91A7-B90CC3D27DFB}.Debug|Any CPU.ActiveCfg = Debug|Any CPU
		{7E4351D6-1797-4FC8-91A7-B90CC3D27DFB}.Debug|Any CPU.Build.0 = Debug|Any CPU
		{7E4351D6-1797-4FC8-91A7-B90CC3D27DFB}.Debug|ARM.ActiveCfg = Debug|Any CPU
		{7E4351D6-1797-4FC8-91A7-B90CC3D27DFB}.Debug|ARM.Build.0 = Debug|Any CPU
		{7E4351D6-1797-4FC8-91A7-B90CC3D27DFB}.Debug|ARM64.ActiveCfg = Debug|Any CPU
		{7E4351D6-1797-4FC8-91A7-B90CC3D27DFB}.Debug|ARM64.Build.0 = Debug|Any CPU
		{7E4351D6-1797-4FC8-91A7-B90CC3D27DFB}.Debug|x64.ActiveCfg = Debug|Any CPU
		{7E4351D6-1797-4FC8-91A7-B90CC3D27DFB}.Debug|x64.Build.0 = Debug|Any CPU
		{7E4351D6-1797-4FC8-91A7-B90CC3D27DFB}.Debug|x86.ActiveCfg = Debug|Any CPU
		{7E4351D6-1797-4FC8-91A7-B90CC3D27DFB}.Debug|x86.Build.0 = Debug|Any CPU
		{7E4351D6-1797-4FC8-91A7-B90CC3D27DFB}.Release|Any CPU.ActiveCfg = Release|Any CPU
		{7E4351D6-1797-4FC8-91A7-B90CC3D27DFB}.Release|Any CPU.Build.0 = Release|Any CPU
		{7E4351D6-1797-4FC8-91A7-B90CC3D27DFB}.Release|ARM.ActiveCfg = Release|Any CPU
		{7E4351D6-1797-4FC8-91A7-B90CC3D27DFB}.Release|ARM.Build.0 = Release|Any CPU
		{7E4351D6-1797-4FC8-91A7-B90CC3D27DFB}.Release|ARM64.ActiveCfg = Release|Any CPU
		{7E4351D6-1797-4FC8-91A7-B90CC3D27DFB}.Release|ARM64.Build.0 = Release|Any CPU
		{7E4351D6-1797-4FC8-91A7-B90CC3D27DFB}.Release|x64.ActiveCfg = Release|Any CPU
		{7E4351D6-1797-4FC8-91A7-B90CC3D27DFB}.Release|x64.Build.0 = Release|Any CPU
		{7E4351D6-1797-4FC8-91A7-B90CC3D27DFB}.Release|x86.ActiveCfg = Release|Any CPU
		{7E4351D6-1797-4FC8-91A7-B90CC3D27DFB}.Release|x86.Build.0 = Release|Any CPU
		{3BA1FC84-F597-461D-86A0-31FC6483211F}.Debug|Any CPU.ActiveCfg = Debug|Any CPU
		{3BA1FC84-F597-461D-86A0-31FC6483211F}.Debug|Any CPU.Build.0 = Debug|Any CPU
		{3BA1FC84-F597-461D-86A0-31FC6483211F}.Debug|ARM.ActiveCfg = Debug|Any CPU
		{3BA1FC84-F597-461D-86A0-31FC6483211F}.Debug|ARM.Build.0 = Debug|Any CPU
		{3BA1FC84-F597-461D-86A0-31FC6483211F}.Debug|ARM64.ActiveCfg = Debug|Any CPU
		{3BA1FC84-F597-461D-86A0-31FC6483211F}.Debug|ARM64.Build.0 = Debug|Any CPU
		{3BA1FC84-F597-461D-86A0-31FC6483211F}.Debug|x64.ActiveCfg = Debug|Any CPU
		{3BA1FC84-F597-461D-86A0-31FC6483211F}.Debug|x64.Build.0 = Debug|Any CPU
		{3BA1FC84-F597-461D-86A0-31FC6483211F}.Debug|x86.ActiveCfg = Debug|Any CPU
		{3BA1FC84-F597-461D-86A0-31FC6483211F}.Debug|x86.Build.0 = Debug|Any CPU
		{3BA1FC84-F597-461D-86A0-31FC6483211F}.Release|Any CPU.ActiveCfg = Release|Any CPU
		{3BA1FC84-F597-461D-86A0-31FC6483211F}.Release|Any CPU.Build.0 = Release|Any CPU
		{3BA1FC84-F597-461D-86A0-31FC6483211F}.Release|ARM.ActiveCfg = Release|Any CPU
		{3BA1FC84-F597-461D-86A0-31FC6483211F}.Release|ARM.Build.0 = Release|Any CPU
		{3BA1FC84-F597-461D-86A0-31FC6483211F}.Release|ARM64.ActiveCfg = Release|Any CPU
		{3BA1FC84-F597-461D-86A0-31FC6483211F}.Release|ARM64.Build.0 = Release|Any CPU
		{3BA1FC84-F597-461D-86A0-31FC6483211F}.Release|x64.ActiveCfg = Release|Any CPU
		{3BA1FC84-F597-461D-86A0-31FC6483211F}.Release|x64.Build.0 = Release|Any CPU
		{3BA1FC84-F597-461D-86A0-31FC6483211F}.Release|x86.ActiveCfg = Release|Any CPU
		{3BA1FC84-F597-461D-86A0-31FC6483211F}.Release|x86.Build.0 = Release|Any CPU
	EndGlobalSection
	GlobalSection(SolutionProperties) = preSolution
		HideSolutionNode = FALSE
	EndGlobalSection
	GlobalSection(ExtensibilityGlobals) = postSolution
		SolutionGuid = {A64F16F3-2CEB-417B-AAF0-78A3183F1479}
	EndGlobalSection
EndGlobal
